// !$*UTF8*$!
{
	archiveVersion = 1;
	classes = {
	};
	objectVersion = 46;
	objects = {

/* Begin PBXBuildFile section */
		BB5E73E7190F3F9E00E09EEA /* Foundation.framework in Frameworks */ = {isa = PBXBuildFile; fileRef = BB5E73E6190F3F9E00E09EEA /* Foundation.framework */; };
		BB5E73E9190F3F9E00E09EEA /* CoreGraphics.framework in Frameworks */ = {isa = PBXBuildFile; fileRef = BB5E73E8190F3F9E00E09EEA /* CoreGraphics.framework */; };
		BB5E73EB190F3F9E00E09EEA /* UIKit.framework in Frameworks */ = {isa = PBXBuildFile; fileRef = BB5E73EA190F3F9E00E09EEA /* UIKit.framework */; };
		BB5E73F1190F3F9E00E09EEA /* InfoPlist.strings in Resources */ = {isa = PBXBuildFile; fileRef = BB5E73EF190F3F9E00E09EEA /* InfoPlist.strings */; };
		BB5E73F3190F3F9E00E09EEA /* main.m in Sources */ = {isa = PBXBuildFile; fileRef = BB5E73F2190F3F9E00E09EEA /* main.m */; };
		BB5E73F7190F3F9E00E09EEA /* AppDelegate.m in Sources */ = {isa = PBXBuildFile; fileRef = BB5E73F6190F3F9E00E09EEA /* AppDelegate.m */; };
		BB5E73F9190F3F9E00E09EEA /* Images.xcassets in Resources */ = {isa = PBXBuildFile; fileRef = BB5E73F8190F3F9E00E09EEA /* Images.xcassets */; };
		BB5E7400190F3F9E00E09EEA /* XCTest.framework in Frameworks */ = {isa = PBXBuildFile; fileRef = BB5E73FF190F3F9E00E09EEA /* XCTest.framework */; };
		BB5E7401190F3F9E00E09EEA /* Foundation.framework in Frameworks */ = {isa = PBXBuildFile; fileRef = BB5E73E6190F3F9E00E09EEA /* Foundation.framework */; };
		BB5E7402190F3F9E00E09EEA /* UIKit.framework in Frameworks */ = {isa = PBXBuildFile; fileRef = BB5E73EA190F3F9E00E09EEA /* UIKit.framework */; };
		BB5E740A190F3F9E00E09EEA /* InfoPlist.strings in Resources */ = {isa = PBXBuildFile; fileRef = BB5E7408190F3F9E00E09EEA /* InfoPlist.strings */; };
		BB5E740C190F3F9E00E09EEA /* FaceChangerTests.m in Sources */ = {isa = PBXBuildFile; fileRef = BB5E740B190F3F9E00E09EEA /* FaceChangerTests.m */; };
/* End PBXBuildFile section */

/* Begin PBXContainerItemProxy section */
		BB5E7403190F3F9E00E09EEA /* PBXContainerItemProxy */ = {
			isa = PBXContainerItemProxy;
			containerPortal = BB5E73DB190F3F9E00E09EEA /* Project object */;
			proxyType = 1;
			remoteGlobalIDString = BB5E73E2190F3F9E00E09EEA;
			remoteInfo = FaceChanger;
		};
/* End PBXContainerItemProxy section */

/* Begin PBXFileReference section */
		BB5E73E3190F3F9E00E09EEA /* FaceChanger.app */ = {isa = PBXFileReference; explicitFileType = wrapper.application; includeInIndex = 0; path = FaceChanger.app; sourceTree = BUILT_PRODUCTS_DIR; };
		BB5E73E6190F3F9E00E09EEA /* Foundation.framework */ = {isa = PBXFileReference; lastKnownFileType = wrapper.framework; name = Foundation.framework; path = System/Library/Frameworks/Foundation.framework; sourceTree = SDKROOT; };
		BB5E73E8190F3F9E00E09EEA /* CoreGraphics.framework */ = {isa = PBXFileReference; lastKnownFileType = wrapper.framework; name = CoreGraphics.framework; path = System/Library/Frameworks/CoreGraphics.framework; sourceTree = SDKROOT; };
		BB5E73EA190F3F9E00E09EEA /* UIKit.framework */ = {isa = PBXFileReference; lastKnownFileType = wrapper.framework; name = UIKit.framework; path = System/Library/Frameworks/UIKit.framework; sourceTree = SDKROOT; };
		BB5E73EE190F3F9E00E09EEA /* FaceChanger-Info.plist */ = {isa = PBXFileReference; lastKnownFileType = text.plist.xml; path = "FaceChanger-Info.plist"; sourceTree = "<group>"; };
		BB5E73F0190F3F9E00E09EEA /* en */ = {isa = PBXFileReference; lastKnownFileType = text.plist.strings; name = en; path = en.lproj/InfoPlist.strings; sourceTree = "<group>"; };
		BB5E73F2190F3F9E00E09EEA /* main.m */ = {isa = PBXFileReference; lastKnownFileType = sourcecode.c.objc; path = main.m; sourceTree = "<group>"; };
		BB5E73F4190F3F9E00E09EEA /* FaceChanger-Prefix.pch */ = {isa = PBXFileReference; lastKnownFileType = sourcecode.c.h; path = "FaceChanger-Prefix.pch"; sourceTree = "<group>"; };
		BB5E73F5190F3F9E00E09EEA /* AppDelegate.h */ = {isa = PBXFileReference; lastKnownFileType = sourcecode.c.h; path = AppDelegate.h; sourceTree = "<group>"; };
		BB5E73F6190F3F9E00E09EEA /* AppDelegate.m */ = {isa = PBXFileReference; lastKnownFileType = sourcecode.c.objc; path = AppDelegate.m; sourceTree = "<group>"; };
		BB5E73F8190F3F9E00E09EEA /* Images.xcassets */ = {isa = PBXFileReference; lastKnownFileType = folder.assetcatalog; path = Images.xcassets; sourceTree = "<group>"; };
		BB5E73FE190F3F9E00E09EEA /* FaceChangerTests.xctest */ = {isa = PBXFileReference; explicitFileType = wrapper.cfbundle; includeInIndex = 0; path = FaceChangerTests.xctest; sourceTree = BUILT_PRODUCTS_DIR; };
		BB5E73FF190F3F9E00E09EEA /* XCTest.framework */ = {isa = PBXFileReference; lastKnownFileType = wrapper.framework; name = XCTest.framework; path = Library/Frameworks/XCTest.framework; sourceTree = DEVELOPER_DIR; };
		BB5E7407190F3F9E00E09EEA /* FaceChangerTests-Info.plist */ = {isa = PBXFileReference; lastKnownFileType = text.plist.xml; path = "FaceChangerTests-Info.plist"; sourceTree = "<group>"; };
		BB5E7409190F3F9E00E09EEA /* en */ = {isa = PBXFileReference; lastKnownFileType = text.plist.strings; name = en; path = en.lproj/InfoPlist.strings; sourceTree = "<group>"; };
		BB5E740B190F3F9E00E09EEA /* FaceChangerTests.m */ = {isa = PBXFileReference; lastKnownFileType = sourcecode.c.objc; path = FaceChangerTests.m; sourceTree = "<group>"; };
/* End PBXFileReference section */

/* Begin PBXFrameworksBuildPhase section */
		BB5E73E0190F3F9E00E09EEA /* Frameworks */ = {
			isa = PBXFrameworksBuildPhase;
			buildActionMask = 2147483647;
			files = (
				BB5E73E9190F3F9E00E09EEA /* CoreGraphics.framework in Frameworks */,
				BB5E73EB190F3F9E00E09EEA /* UIKit.framework in Frameworks */,
				BB5E73E7190F3F9E00E09EEA /* Foundation.framework in Frameworks */,
			);
			runOnlyForDeploymentPostprocessing = 0;
		};
		BB5E73FB190F3F9E00E09EEA /* Frameworks */ = {
			isa = PBXFrameworksBuildPhase;
			buildActionMask = 2147483647;
			files = (
				BB5E7400190F3F9E00E09EEA /* XCTest.framework in Frameworks */,
				BB5E7402190F3F9E00E09EEA /* UIKit.framework in Frameworks */,
				BB5E7401190F3F9E00E09EEA /* Foundation.framework in Frameworks */,
			);
			runOnlyForDeploymentPostprocessing = 0;
		};
/* End PBXFrameworksBuildPhase section */

/* Begin PBXGroup section */
		BB5E73DA190F3F9E00E09EEA = {
			isa = PBXGroup;
			children = (
				BB5E73EC190F3F9E00E09EEA /* FaceChanger */,
				BB5E7405190F3F9E00E09EEA /* FaceChangerTests */,
				BB5E73E5190F3F9E00E09EEA /* Frameworks */,
				BB5E73E4190F3F9E00E09EEA /* Products */,
			);
			sourceTree = "<group>";
		};
		BB5E73E4190F3F9E00E09EEA /* Products */ = {
			isa = PBXGroup;
			children = (
				BB5E73E3190F3F9E00E09EEA /* FaceChanger.app */,
				BB5E73FE190F3F9E00E09EEA /* FaceChangerTests.xctest */,
			);
			name = Products;
			sourceTree = "<group>";
		};
		BB5E73E5190F3F9E00E09EEA /* Frameworks */ = {
			isa = PBXGroup;
			children = (
				BB5E73E6190F3F9E00E09EEA /* Foundation.framework */,
				BB5E73E8190F3F9E00E09EEA /* CoreGraphics.framework */,
				BB5E73EA190F3F9E00E09EEA /* UIKit.framework */,
				BB5E73FF190F3F9E00E09EEA /* XCTest.framework */,
			);
			name = Frameworks;
			sourceTree = "<group>";
		};
		BB5E73EC190F3F9E00E09EEA /* FaceChanger */ = {
			isa = PBXGroup;
			children = (
				BB5E73F5190F3F9E00E09EEA /* AppDelegate.h */,
				BB5E73F6190F3F9E00E09EEA /* AppDelegate.m */,
				BB5E73F8190F3F9E00E09EEA /* Images.xcassets */,
				BB5E73ED190F3F9E00E09EEA /* Supporting Files */,
			);
			path = FaceChanger;
			sourceTree = "<group>";
		};
		BB5E73ED190F3F9E00E09EEA /* Supporting Files */ = {
			isa = PBXGroup;
			children = (
				BB5E73EE190F3F9E00E09EEA /* FaceChanger-Info.plist */,
				BB5E73EF190F3F9E00E09EEA /* InfoPlist.strings */,
				BB5E73F2190F3F9E00E09EEA /* main.m */,
				BB5E73F4190F3F9E00E09EEA /* FaceChanger-Prefix.pch */,
			);
			name = "Supporting Files";
			sourceTree = "<group>";
		};
		BB5E7405190F3F9E00E09EEA /* FaceChangerTests */ = {
			isa = PBXGroup;
			children = (
				BB5E740B190F3F9E00E09EEA /* FaceChangerTests.m */,
				BB5E7406190F3F9E00E09EEA /* Supporting Files */,
			);
			path = FaceChangerTests;
			sourceTree = "<group>";
		};
		BB5E7406190F3F9E00E09EEA /* Supporting Files */ = {
			isa = PBXGroup;
			children = (
				BB5E7407190F3F9E00E09EEA /* FaceChangerTests-Info.plist */,
				BB5E7408190F3F9E00E09EEA /* InfoPlist.strings */,
			);
			name = "Supporting Files";
			sourceTree = "<group>";
		};
/* End PBXGroup section */

/* Begin PBXNativeTarget section */
		BB5E73E2190F3F9E00E09EEA /* FaceChanger */ = {
			isa = PBXNativeTarget;
			buildConfigurationList = BB5E740F190F3F9E00E09EEA /* Build configuration list for PBXNativeTarget "FaceChanger" */;
			buildPhases = (
				BB5E73DF190F3F9E00E09EEA /* Sources */,
				BB5E73E0190F3F9E00E09EEA /* Frameworks */,
				BB5E73E1190F3F9E00E09EEA /* Resources */,
			);
			buildRules = (
			);
			dependencies = (
			);
			name = FaceChanger;
			productName = FaceChanger;
			productReference = BB5E73E3190F3F9E00E09EEA /* FaceChanger.app */;
			productType = "com.apple.product-type.application";
		};
		BB5E73FD190F3F9E00E09EEA /* FaceChangerTests */ = {
			isa = PBXNativeTarget;
			buildConfigurationList = BB5E7412190F3F9E00E09EEA /* Build configuration list for PBXNativeTarget "FaceChangerTests" */;
			buildPhases = (
				BB5E73FA190F3F9E00E09EEA /* Sources */,
				BB5E73FB190F3F9E00E09EEA /* Frameworks */,
				BB5E73FC190F3F9E00E09EEA /* Resources */,
			);
			buildRules = (
			);
			dependencies = (
				BB5E7404190F3F9E00E09EEA /* PBXTargetDependency */,
			);
			name = FaceChangerTests;
			productName = FaceChangerTests;
			productReference = BB5E73FE190F3F9E00E09EEA /* FaceChangerTests.xctest */;
			productType = "com.apple.product-type.bundle.unit-test";
		};
/* End PBXNativeTarget section */

/* Begin PBXProject section */
		BB5E73DB190F3F9E00E09EEA /* Project object */ = {
			isa = PBXProject;
			attributes = {
				LastUpgradeCheck = 0510;
				ORGANIZATIONNAME = FreeTymeKiyan;
				TargetAttributes = {
					BB5E73FD190F3F9E00E09EEA = {
						TestTargetID = BB5E73E2190F3F9E00E09EEA;
					};
				};
			};
			buildConfigurationList = BB5E73DE190F3F9E00E09EEA /* Build configuration list for PBXProject "FaceChanger" */;
			compatibilityVersion = "Xcode 3.2";
			developmentRegion = English;
			hasScannedForEncodings = 0;
			knownRegions = (
				en,
			);
			mainGroup = BB5E73DA190F3F9E00E09EEA;
			productRefGroup = BB5E73E4190F3F9E00E09EEA /* Products */;
			projectDirPath = "";
			projectRoot = "";
			targets = (
				BB5E73E2190F3F9E00E09EEA /* FaceChanger */,
				BB5E73FD190F3F9E00E09EEA /* FaceChangerTests */,
			);
		};
/* End PBXProject section */

/* Begin PBXResourcesBuildPhase section */
		BB5E73E1190F3F9E00E09EEA /* Resources */ = {
			isa = PBXResourcesBuildPhase;
			buildActionMask = 2147483647;
			files = (
				BB5E73F1190F3F9E00E09EEA /* InfoPlist.strings in Resources */,
				BB5E73F9190F3F9E00E09EEA /* Images.xcassets in Resources */,
			);
			runOnlyForDeploymentPostprocessing = 0;
		};
		BB5E73FC190F3F9E00E09EEA /* Resources */ = {
			isa = PBXResourcesBuildPhase;
			buildActionMask = 2147483647;
			files = (
				BB5E740A190F3F9E00E09EEA /* InfoPlist.strings in Resources */,
			);
			runOnlyForDeploymentPostprocessing = 0;
		};
/* End PBXResourcesBuildPhase section */

/* Begin PBXSourcesBuildPhase section */
		BB5E73DF190F3F9E00E09EEA /* Sources */ = {
			isa = PBXSourcesBuildPhase;
			buildActionMask = 2147483647;
			files = (
				BB5E73F7190F3F9E00E09EEA /* AppDelegate.m in Sources */,
				BB5E73F3190F3F9E00E09EEA /* main.m in Sources */,
			);
			runOnlyForDeploymentPostprocessing = 0;
		};
		BB5E73FA190F3F9E00E09EEA /* Sources */ = {
			isa = PBXSourcesBuildPhase;
			buildActionMask = 2147483647;
			files = (
				BB5E740C190F3F9E00E09EEA /* FaceChangerTests.m in Sources */,
			);
			runOnlyForDeploymentPostprocessing = 0;
		};
/* End PBXSourcesBuildPhase section */

/* Begin PBXTargetDependency section */
		BB5E7404190F3F9E00E09EEA /* PBXTargetDependency */ = {
			isa = PBXTargetDependency;
			target = BB5E73E2190F3F9E00E09EEA /* FaceChanger */;
			targetProxy = BB5E7403190F3F9E00E09EEA /* PBXContainerItemProxy */;
		};
/* End PBXTargetDependency section */

/* Begin PBXVariantGroup section */
		BB5E73EF190F3F9E00E09EEA /* InfoPlist.strings */ = {
			isa = PBXVariantGroup;
			children = (
				BB5E73F0190F3F9E00E09EEA /* en */,
			);
			name = InfoPlist.strings;
			sourceTree = "<group>";
		};
		BB5E7408190F3F9E00E09EEA /* InfoPlist.strings */ = {
			isa = PBXVariantGroup;
			children = (
				BB5E7409190F3F9E00E09EEA /* en */,
			);
			name = InfoPlist.strings;
			sourceTree = "<group>";
		};
/* End PBXVariantGroup section */

/* Begin XCBuildConfiguration section */
		BB5E740D190F3F9E00E09EEA /* Debug */ = {
			isa = XCBuildConfiguration;
			buildSettings = {
				ALWAYS_SEARCH_USER_PATHS = NO;
				CLANG_CXX_LANGUAGE_STANDARD = "gnu++0x";
				CLANG_CXX_LIBRARY = "libc++";
				CLANG_ENABLE_MODULES = YES;
				CLANG_ENABLE_OBJC_ARC = YES;
				CLANG_WARN_BOOL_CONVERSION = YES;
				CLANG_WARN_CONSTANT_CONVERSION = YES;
				CLANG_WARN_DIRECT_OBJC_ISA_USAGE = YES_ERROR;
				CLANG_WARN_EMPTY_BODY = YES;
				CLANG_WARN_ENUM_CONVERSION = YES;
				CLANG_WARN_INT_CONVERSION = YES;
				CLANG_WARN_OBJC_ROOT_CLASS = YES_ERROR;
				CLANG_WARN__DUPLICATE_METHOD_MATCH = YES;
				"CODE_SIGN_IDENTITY[sdk=iphoneos*]" = "iPhone Developer";
				COPY_PHASE_STRIP = NO;
				GCC_C_LANGUAGE_STANDARD = gnu99;
				GCC_DYNAMIC_NO_PIC = NO;
				GCC_OPTIMIZATION_LEVEL = 0;
				GCC_PREPROCESSOR_DEFINITIONS = (
					"DEBUG=1",
					"$(inherited)",
				);
				GCC_SYMBOLS_PRIVATE_EXTERN = NO;
				GCC_WARN_64_TO_32_BIT_CONVERSION = YES;
				GCC_WARN_ABOUT_RETURN_TYPE = YES_ERROR;
				GCC_WARN_UNDECLARED_SELECTOR = YES;
				GCC_WARN_UNINITIALIZED_AUTOS = YES_AGGRESSIVE;
				GCC_WARN_UNUSED_FUNCTION = YES;
				GCC_WARN_UNUSED_VARIABLE = YES;
				IPHONEOS_DEPLOYMENT_TARGET = 7.1;
				ONLY_ACTIVE_ARCH = YES;
				SDKROOT = iphoneos;
			};
			name = Debug;
		};
		BB5E740E190F3F9E00E09EEA /* Release */ = {
			isa = XCBuildConfiguration;
			buildSettings = {
				ALWAYS_SEARCH_USER_PATHS = NO;
				CLANG_CXX_LANGUAGE_STANDARD = "gnu++0x";
				CLANG_CXX_LIBRARY = "libc++";
				CLANG_ENABLE_MODULES = YES;
				CLANG_ENABLE_OBJC_ARC = YES;
				CLANG_WARN_BOOL_CONVERSION = YES;
				CLANG_WARN_CONSTANT_CONVERSION = YES;
				CLANG_WARN_DIRECT_OBJC_ISA_USAGE = YES_ERROR;
				CLANG_WARN_EMPTY_BODY = YES;
				CLANG_WARN_ENUM_CONVERSION = YES;
				CLANG_WARN_INT_CONVERSION = YES;
				CLANG_WARN_OBJC_ROOT_CLASS = YES_ERROR;
				CLANG_WARN__DUPLICATE_METHOD_MATCH = YES;
				"CODE_SIGN_IDENTITY[sdk=iphoneos*]" = "iPhone Developer";
				COPY_PHASE_STRIP = YES;
				ENABLE_NS_ASSERTIONS = NO;
				GCC_C_LANGUAGE_STANDARD = gnu99;
				GCC_WARN_64_TO_32_BIT_CONVERSION = YES;
				GCC_WARN_ABOUT_RETURN_TYPE = YES_ERROR;
				GCC_WARN_UNDECLARED_SELECTOR = YES;
				GCC_WARN_UNINITIALIZED_AUTOS = YES_AGGRESSIVE;
				GCC_WARN_UNUSED_FUNCTION = YES;
				GCC_WARN_UNUSED_VARIABLE = YES;
				IPHONEOS_DEPLOYMENT_TARGET = 7.1;
				SDKROOT = iphoneos;
				VALIDATE_PRODUCT = YES;
			};
			name = Release;
		};
		BB5E7410190F3F9E00E09EEA /* Debug */ = {
			isa = XCBuildConfiguration;
			buildSettings = {
				ASSETCATALOG_COMPILER_APPICON_NAME = AppIcon;
				ASSETCATALOG_COMPILER_LAUNCHIMAGE_NAME = LaunchImage;
				GCC_PRECOMPILE_PREFIX_HEADER = YES;
				GCC_PREFIX_HEADER = "FaceChanger/FaceChanger-Prefix.pch";
				INFOPLIST_FILE = "FaceChanger/FaceChanger-Info.plist";
				PRODUCT_NAME = "$(TARGET_NAME)";
				WRAPPER_EXTENSION = app;
			};
			name = Debug;
		};
		BB5E7411190F3F9E00E09EEA /* Release */ = {
			isa = XCBuildConfiguration;
			buildSettings = {
				ASSETCATALOG_COMPILER_APPICON_NAME = AppIcon;
				ASSETCATALOG_COMPILER_LAUNCHIMAGE_NAME = LaunchImage;
				GCC_PRECOMPILE_PREFIX_HEADER = YES;
				GCC_PREFIX_HEADER = "FaceChanger/FaceChanger-Prefix.pch";
				INFOPLIST_FILE = "FaceChanger/FaceChanger-Info.plist";
				PRODUCT_NAME = "$(TARGET_NAME)";
				WRAPPER_EXTENSION = app;
			};
			name = Release;
		};
		BB5E7413190F3F9E00E09EEA /* Debug */ = {
			isa = XCBuildConfiguration;
			buildSettings = {
				BUNDLE_LOADER = "$(BUILT_PRODUCTS_DIR)/FaceChanger.app/FaceChanger";
				FRAMEWORK_SEARCH_PATHS = (
					"$(SDKROOT)/Developer/Library/Frameworks",
					"$(inherited)",
					"$(DEVELOPER_FRAMEWORKS_DIR)",
				);
				GCC_PRECOMPILE_PREFIX_HEADER = YES;
				GCC_PREFIX_HEADER = "FaceChanger/FaceChanger-Prefix.pch";
				GCC_PREPROCESSOR_DEFINITIONS = (
					"DEBUG=1",
					"$(inherited)",
				);
				INFOPLIST_FILE = "FaceChangerTests/FaceChangerTests-Info.plist";
				PRODUCT_NAME = "$(TARGET_NAME)";
				TEST_HOST = "$(BUNDLE_LOADER)";
				WRAPPER_EXTENSION = xctest;
			};
			name = Debug;
		};
		BB5E7414190F3F9E00E09EEA /* Release */ = {
			isa = XCBuildConfiguration;
			buildSettings = {
				BUNDLE_LOADER = "$(BUILT_PRODUCTS_DIR)/FaceChanger.app/FaceChanger";
				FRAMEWORK_SEARCH_PATHS = (
					"$(SDKROOT)/Developer/Library/Frameworks",
					"$(inherited)",
					"$(DEVELOPER_FRAMEWORKS_DIR)",
				);
				GCC_PRECOMPILE_PREFIX_HEADER = YES;
				GCC_PREFIX_HEADER = "FaceChanger/FaceChanger-Prefix.pch";
				INFOPLIST_FILE = "FaceChangerTests/FaceChangerTests-Info.plist";
				PRODUCT_NAME = "$(TARGET_NAME)";
				TEST_HOST = "$(BUNDLE_LOADER)";
				WRAPPER_EXTENSION = xctest;
			};
			name = Release;
		};
/* End XCBuildConfiguration section */

/* Begin XCConfigurationList section */
		BB5E73DE190F3F9E00E09EEA /* Build configuration list for PBXProject "FaceChanger" */ = {
			isa = XCConfigurationList;
			buildConfigurations = (
				BB5E740D190F3F9E00E09EEA /* Debug */,
				BB5E740E190F3F9E00E09EEA /* Release */,
			);
			defaultConfigurationIsVisible = 0;
			defaultConfigurationName = Release;
		};
		BB5E740F190F3F9E00E09EEA /* Build configuration list for PBXNativeTarget "FaceChanger" */ = {
			isa = XCConfigurationList;
			buildConfigurations = (
				BB5E7410190F3F9E00E09EEA /* Debug */,
				BB5E7411190F3F9E00E09EEA /* Release */,
			);
			defaultConfigurationIsVisible = 0;
		};
		BB5E7412190F3F9E00E09EEA /* Build configuration list for PBXNativeTarget "FaceChangerTests" */ = {
			isa = XCConfigurationList;
			buildConfigurations = (
				BB5E7413190F3F9E00E09EEA /* Debug */,
				BB5E7414190F3F9E00E09EEA /* Release */,
			);
			defaultConfigurationIsVisible = 0;
		};
/* End XCConfigurationList section */
	};
	rootObject = BB5E73DB190F3F9E00E09EEA /* Project object */;
}
